{
  "name": "seed-service",
  "version": "1.0.0",
  "lockfileVersion": 1,
  "requires": true,
  "dependencies": {
    "accepts": {
      "version": "1.3.6",
      "resolved": "http://esb-dev-dck-1:4873/accepts/-/accepts-1.3.6.tgz",
      "integrity": "sha512-GslyjyHLYypfEvz9iwM/1157Kq0tkbvhKxUS9Vw+U1QXEemcRcoOWvtBW4JVso1VNJKPbK+/X1mFt1ZO+W6IBw==",
      "requires": {
        "mime-types": "2.1.22",
        "negotiator": "0.6.1"
      }
    },
    "ajv": {
      "version": "6.10.0",
      "resolved": "http://esb-dev-dck-1:4873/ajv/-/ajv-6.10.0.tgz",
      "integrity": "sha512-s5Jhc7gIZCiqA3dF3t5cMVG4fAr7hv+P8boCBwanxt0tNg0F73pWrk9BTkm7EmCT2+lPe5+EB986z4PePI+lww==",
      "requires": {
        "fast-deep-equal": "2.0.1",
        "fast-json-stable-stringify": "2.0.0",
        "json-schema-traverse": "0.4.1",
        "uri-js": "4.2.2"
      }
    },
    "ansi-regex": {
      "version": "2.1.3",
      "resolved": "http://esb-dev-dck-1:4873/ansi-regex/-/ansi-regex-2.1.3.tgz",
      "integrity": "sha512-28k1l9Ba+RDBd+cWkaKB6CkrmvEvqC4JiVtpx2QmBrNFbEJ6ZqKN6e+L6HGtJSXxR8g7+2bMxWjy6mLq5y+45A=="
    },
    "aproba": {
      "version": "1.2.0",
      "resolved": "http://esb-dev-dck-1:4873/aproba/-/aproba-1.2.0.tgz",
      "integrity": "sha512-DZCjkFWjB8nneqtrldZX/81tzwjACPFKa0SjCnbmWSMNArUgaLtsfKvd+SyhhVYvoqVZwT3mG4yAR0bQDPCDsw==",
      "optional": true
    },
    "are-we-there-yet": {
      "version": "1.1.5",
      "resolved": "http://esb-dev-dck-1:4873/are-we-there-yet/-/are-we-there-yet-1.1.5.tgz",
      "integrity": "sha512-udnoEnZBG00kAZ0ds6PCS+8hRtLI1mS0wkEzZomFbIOW4nvG98uQ+ixbn5wQKDFYSrF27tI02TvGyPXfp6tz4A==",
      "optional": true,
      "requires": {
        "delegates": "1.0.0",
        "readable-stream": "2.3.6"
      }
    },
    "array-flatten": {
      "version": "1.1.1",
      "resolved": "http://esb-dev-dck-1:4873/array-flatten/-/array-flatten-1.1.1.tgz",
      "integrity": "sha512-+CjGRQY2c5KibSaWABF/+mCAgbofxyvCaB4MXXYCaOWfM0zg3pAMHhdRJLBQgeVocx8daeCmyQlzmaRdu6k0qA=="
    },
    "async": {
      "version": "2.6.2",
      "resolved": "http://esb-dev-dck-1:4873/async/-/async-2.6.2.tgz",
      "integrity": "sha512-H1qVYh1MYhEEFLsP97cVKqCGo7KfCyTt6uEWqsTBr9SO84oK9Uwbyd/yCW+6rKJLHksBNUVWZDAjfS+Ccx0Bbg==",
      "requires": {
        "lodash": "4.17.11"
      }
    },
    "balanced-match": {
      "version": "1.0.0",
      "resolved": "http://esb-dev-dck-1:4873/balanced-match/-/balanced-match-1.0.0.tgz",
      "integrity": "sha512-QvPfyL8fE/JXME+OLlzzGQvq//F2L8aem0ybe0i7Nv/HPum5APM5ft8nOFquurv1b9ESjdElmFg4YXGHTupRQg=="
    },
    "binary": {
      "version": "0.3.0",
      "resolved": "http://esb-dev-dck-1:4873/binary/-/binary-0.3.0.tgz",
      "integrity": "sha1-oEm+kG6PyRLldCy+qf7UFwG9QKw=",
      "requires": {
        "buffers": "0.1.1",
        "chainsaw": "0.1.0"
      }
    },
    "bindings": {
      "version": "1.4.0",
      "resolved": "http://esb-dev-dck-1:4873/bindings/-/bindings-1.4.0.tgz",
      "integrity": "sha512-wJAKIuaZkHV+/tJ7EGIj5WqnSXSInQDVn2h93SFQDvnVYzyD02yS3/rDsINMApMBoi++9cOOBdbMYI+gGnB5kg==",
      "optional": true,
      "requires": {
        "file-uri-to-path": "1.0.0"
      }
    },
    "bl": {
      "version": "1.2.2",
      "resolved": "http://esb-dev-dck-1:4873/bl/-/bl-1.2.2.tgz",
      "integrity": "sha1-SONQ/Qfs0aYDFa7t6x5tvg1HWkM=",
      "requires": {
        "readable-stream": "2.3.6",
        "safe-buffer": "5.1.2"
      }
    },
    "body-parser": {
      "version": "1.18.3",
      "resolved": "http://esb-dev-dck-1:4873/body-parser/-/body-parser-1.18.3.tgz",
      "integrity": "sha512-KmKOc9kObF5BR/XKMu4ahAPpoRvJyDRfe+JPWvp99zsL0X9z7pWTUcMwZEnCev5OzpugKkePnwe20weC9455mA==",
      "requires": {
        "bytes": "3.0.0",
        "content-type": "1.0.4",
        "debug": "2.6.9",
        "depd": "1.1.3",
        "http-errors": "1.6.3",
        "iconv-lite": "0.4.23",
        "on-finished": "2.3.1",
        "qs": "6.5.2",
        "raw-body": "2.3.3",
        "type-is": "1.6.16"
      }
    },
    "brace-expansion": {
      "version": "1.1.11",
      "resolved": "http://esb-dev-dck-1:4873/brace-expansion/-/brace-expansion-1.1.11.tgz",
      "integrity": "sha512-YDheOI0rKh75EejSTyG+2UB5Sq+d8ZhAAA/d/Uubcc08946G7wto9dT6fhMcyqy885LwF8AXxojtAdCTMvvFig==",
      "requires": {
        "balanced-match": "1.0.0",
        "concat-map": "0.0.1"
      }
    },
    "buffer-alloc": {
      "version": "1.2.0",
      "resolved": "http://esb-dev-dck-1:4873/buffer-alloc/-/buffer-alloc-1.2.0.tgz",
      "integrity": "sha512-SOkbj0Urn6Ddw9w5gcWjiQA1vOYbx7x6TugwI4nTVVNfQ2MRfuQ8/dVx36YqvOfTU8d9v/ii18D5LMPD9/7X8w==",
      "optional": true,
      "requires": {
        "buffer-alloc-unsafe": "1.1.0",
        "buffer-fill": "1.0.0"
      }
    },
    "buffer-alloc-unsafe": {
      "version": "1.1.0",
      "resolved": "http://esb-dev-dck-1:4873/buffer-alloc-unsafe/-/buffer-alloc-unsafe-1.1.0.tgz",
      "integrity": "sha512-3BuslZC3+f2KZ+wIDzq+Dzing5RuoWT34uIWQjZA8v0cVaViSukdmMBnn6K6IlwioLO0yi8XPljJ5VlebgavAg==",
      "optional": true
    },
    "buffer-crc32": {
      "version": "0.2.13",
      "resolved": "http://esb-dev-dck-1:4873/buffer-crc32/-/buffer-crc32-0.2.13.tgz",
      "integrity": "sha512-av+rT42EYrJBg/ASoczKECUrXXHDvE2zSjcSaoLDZdW/kXhAE/oyM5SwKYfF+o7YTkmcZgVRkppz633V4k5C/Q=="
    },
    "buffer-fill": {
      "version": "1.0.0",
      "resolved": "http://esb-dev-dck-1:4873/buffer-fill/-/buffer-fill-1.0.0.tgz",
      "integrity": "sha512-XZdjn5vFcglNi80YLwcB+EvMvVQETSfq6Yo3+pipcUCkJRVzQHsjNUofEbMOJKbA5b6ymQ2KSOtx1UiayqA9JQ==",
      "optional": true
    },
    "buffermaker": {
      "version": "1.2.0",
      "resolved": "http://esb-dev-dck-1:4873/buffermaker/-/buffermaker-1.2.0.tgz",
      "integrity": "sha1-Pvj5AJ8A2QBiLKXReCIlFKv1ytY=",
      "requires": {
        "long": "1.1.2"
      }
    },
    "buffers": {
      "version": "0.1.1",
      "resolved": "http://esb-dev-dck-1:4873/buffers/-/buffers-0.1.1.tgz",
      "integrity": "sha1-2W3xfBa+OCtDAdm+tZyeNNZH4lo="
    },
    "bytes": {
      "version": "3.0.0",
      "resolved": "http://esb-dev-dck-1:4873/bytes/-/bytes-3.0.0.tgz",
      "integrity": "sha512-VU7ZZvzhUIdM8nlu6xOtQKsSoealfctk68QU1TB/ocmpWb1XqYqZU1DFx0o5+et9Qj8F0MNYkBNH49rqMwUn1w=="
    },
    "chainsaw": {
      "version": "0.1.0",
      "resolved": "http://esb-dev-dck-1:4873/chainsaw/-/chainsaw-0.1.0.tgz",
      "integrity": "sha1-EvU+OMCfnJLpqrpvdbWJBtnWlyc=",
      "requires": {
        "traverse": "0.3.9"
      }
    },
    "chownr": {
      "version": "1.1.1",
      "resolved": "http://esb-dev-dck-1:4873/chownr/-/chownr-1.1.1.tgz",
      "integrity": "sha512-NqrUFIBSM2O6GXuJ+P6Er2YEAzwdT3X/rQ3+qJuUVDyJBunO0P+iX8l+5Y9TAeo8TL6Ew09w73PulUzWwMsLKQ==",
      "optional": true
    },
    "code-point-at": {
      "version": "1.1.2",
      "resolved": "http://esb-dev-dck-1:4873/code-point-at/-/code-point-at-1.1.2.tgz",
      "integrity": "sha512-j86V7GokWcq4Zcl81WuInGH9UD4utSS5rSyIScXlx94zTWpWhF84SICJKFLA0Va7BDC4AzG/lOOLDzDpy/iXLg=="
    },
    "concat-map": {
      "version": "0.0.1",
      "resolved": "http://esb-dev-dck-1:4873/concat-map/-/concat-map-0.0.1.tgz",
      "integrity": "sha512-AblEyM35EcrbSJqoKPvJPNe2J7rhBJo/31RaTmqFEUGX0QDb7EgUHwnhDAdSDqdbPQsTjt92bnC4/PaVHgsTjA=="
    },
    "console-control-strings": {
      "version": "1.1.0",
      "resolved": "http://esb-dev-dck-1:4873/console-control-strings/-/console-control-strings-1.1.0.tgz",
      "integrity": "sha512-R02cjw/F+sguW40ImjeERoCoZqnDCoRt7aUIzJQdmFLuFzWBNpo2hGnm+Kz2stdsL4D3EnHby0tKNawtPGxueA=="
    },
    "content-disposition": {
      "version": "0.5.2",
      "resolved": "http://esb-dev-dck-1:4873/content-disposition/-/content-disposition-0.5.2.tgz",
      "integrity": "sha512-lgkhD/3Xw0Y+MZRI+F8EWHQqHdWGU5DG+NZOUsUzeBLABK86jCsq2U8e2YdeTJ9wNqvMLT58PI7FQF3weJmKsA=="
    },
    "content-type": {
      "version": "1.0.4",
      "resolved": "http://esb-dev-dck-1:4873/content-type/-/content-type-1.0.4.tgz",
      "integrity": "sha512-5s2WFiy4+S3zruqD8nuN4wL2eqPy7mgygweO/tDqs8vGrdi1Efsfy+jHwbe76ZGWGaGgZnXXCKTNnYJ8eV/I3A=="
    },
    "cookie": {
      "version": "0.3.1",
      "resolved": "http://esb-dev-dck-1:4873/cookie/-/cookie-0.3.1.tgz",
      "integrity": "sha512-Y74llw3iM34CXhR0WsXVqCqgBLCT0DOm4g5yP31DZ2DEjFYHvpGtGZdAmJU1WEJlpmlDBH6wJ0P7xl3VjmKT0A=="
    },
    "cookie-signature": {
      "version": "1.0.6",
      "resolved": "http://esb-dev-dck-1:4873/cookie-signature/-/cookie-signature-1.0.6.tgz",
      "integrity": "sha512-wLhFIXipwM61XlgIE/Dssqo2V0D6NU+xH1/MOIQQXlFPz+l9hlj0Mwp1fQKFso7k/5zUmGVfB2WXbJviQtjD8Q=="
    },
    "core-util-is": {
      "version": "1.0.4",
      "resolved": "http://esb-dev-dck-1:4873/core-util-is/-/core-util-is-1.0.4.tgz",
      "integrity": "sha512-sQ63emXcFeSEckJZ7eqf1zEIdFBxcksMFFLWqJ4CNEIS+WUz4WOw8PRgyMyjfesYTL66PoUBDdg+8ouoJzSyRQ=="
    },
    "debug": {
      "version": "2.6.9",
      "resolved": "http://esb-dev-dck-1:4873/debug/-/debug-2.6.9.tgz",
      "integrity": "sha512-k3ZRc30F2wB6rTj0XtbLP9nwFkc+XVwUJD3xgg+gFAGWoTA7B+PAH4AYYqz3F7ldow44CLPu7tStBNCDGrquvQ==",
      "requires": {
        "ms": "2.0.0"
      }
    },
    "decompress-response": {
      "version": "3.3.0",
      "resolved": "http://esb-dev-dck-1:4873/decompress-response/-/decompress-response-3.3.0.tgz",
      "integrity": "sha512-1puKLXCoWMDcWmUbBMIKlL0nsQ6LWUT8Inga3iGKg43A29I/vonnU10VyuB/Fmjx2pMzFRuCrNnDpg3xZx5kAA==",
      "optional": true,
      "requires": {
        "mimic-response": "1.0.1"
      }
    },
    "deep-extend": {
      "version": "0.6.0",
      "resolved": "http://esb-dev-dck-1:4873/deep-extend/-/deep-extend-0.6.0.tgz",
      "integrity": "sha512-vR33PuHfFkqhMVonLV8DsgX6bMqUa1dv0Cuth30yCMOG4yk7ZOX7x3KDD2XxnsHUScrqiEKZ/PC4PW1o7XwJEQ==",
      "optional": true
    },
    "delegates": {
      "version": "1.0.0",
      "resolved": "http://esb-dev-dck-1:4873/delegates/-/delegates-1.0.0.tgz",
      "integrity": "sha512-o5NAOVoAMA9FtmgLQTq8+3qMcc/d5PJIjIE9PzT3TE+HV+pRkpYapSifaQbRfTUyLPkqUo50LbMgMZw2jsY0Nw==",
      "optional": true
    },
    "denque": {
      "version": "1.4.0",
      "resolved": "http://esb-dev-dck-1:4873/denque/-/denque-1.4.0.tgz",
      "integrity": "sha512-hort+RCXE3J3Jy2FMj87x+m+CXsW+VNypzbv2M9XOSg0yS8sqkVGZHucrvP97i8nr4dPr0wFCLgQlWhNpnLc0Q=="
    },
    "depd": {
      "version": "1.1.3",
      "resolved": "http://esb-dev-dck-1:4873/depd/-/depd-1.1.3.tgz",
      "integrity": "sha512-k/7wxYvQQprPRF7g5KcZS3cmhC3inV810rK/Gon0FNetVbLwMf2mQzqM5xld/uSTyIZ4SVMzb8N5RlyhfHmYaw=="
    },
    "destroy": {
      "version": "1.0.6",
      "resolved": "http://esb-dev-dck-1:4873/destroy/-/destroy-1.0.6.tgz",
      "integrity": "sha512-Wx4TVuB1CDKrtv7CDj1JPQY8q7Cbal2ZvOjIQzTkuOyaYqqddBN0SEB37+e0VidLYiLNMXOMoNGlApWhbwgSzg=="
    },
    "detect-libc": {
      "version": "1.0.3",
      "resolved": "http://esb-dev-dck-1:4873/detect-libc/-/detect-libc-1.0.3.tgz",
      "integrity": "sha512-0QlyNdlXJVSewos+9Db9ZMWO1WHomz7TPZzFZlumSrX8z+cB5MZqreVg5WcJVVMcrLswATL/OOzJSRrHFXIScQ==",
      "optional": true
    },
    "ee-first": {
      "version": "1.1.1",
      "resolved": "http://esb-dev-dck-1:4873/ee-first/-/ee-first-1.1.1.tgz",
      "integrity": "sha512-+3d0USrX0OjTDjRVcl9G9oKRCoFpUQ0pZjdj4vUSSzFj3rgnHhCmMw+sGDus/J8D92n8k3HgPPSACcT/ZPapTw=="
    },
    "encodeurl": {
      "version": "1.0.3",
      "resolved": "http://esb-dev-dck-1:4873/encodeurl/-/encodeurl-1.0.3.tgz",
      "integrity": "sha512-UunAxAFdQ0/4QHcwWIYGaYIid/iKgpKMLxx92svqEveAx8490czI0kfH+CoM4uG0UvYwxztS7dWk+XTYn9lcMQ=="
    },
    "end-of-stream": {
      "version": "1.4.1",
      "resolved": "http://esb-dev-dck-1:4873/end-of-stream/-/end-of-stream-1.4.1.tgz",
      "integrity": "sha512-BIkjMu0mdq8/lUF6QF9W+DxJ+yb8ZQxHcjg3RI+IEm/RyHqFoAzQWhSCMLVHuabV/tSOChd5sToaLHMMaD424g==",
      "requires": {
        "once": "1.4.0"
      }
    },
    "escape-html": {
      "version": "1.0.5",
      "resolved": "http://esb-dev-dck-1:4873/escape-html/-/escape-html-1.0.5.tgz",
      "integrity": "sha512-8laQwMtlfopIhbktmD9ePMCV2LAYo+xPNzDzsRMAq+jlVhbHM/1V9mokQU8Se49uYyv8NwmWYpo303H52KB+0g=="
    },
    "etag": {
      "version": "1.8.2",
      "resolved": "http://esb-dev-dck-1:4873/etag/-/etag-1.8.2.tgz",
      "integrity": "sha512-zGvIqGht64w5zL45voto5fh2jV7ZlhahlAZxrRh7ktW++N9dzsX8Q1o+kkOYbGd7SoI1IILWoahF4M+b695HXw=="
    },
    "expand-template": {
      "version": "2.0.3",
      "resolved": "http://esb-dev-dck-1:4873/expand-template/-/expand-template-2.0.3.tgz",
      "integrity": "sha512-BO29BVElleQxfFFAtHoBqgWpDs7wy8lhrge1TI+9ZlwWRCbReUpF1CzEsbKAvvgbsUkB/O1ZEKp9l34wJUa5GA==",
      "optional": true
    },
    "express": {
      "version": "4.16.4",
      "resolved": "http://esb-dev-dck-1:4873/express/-/express-4.16.4.tgz",
      "integrity": "sha512-q2cinMkfee+LUg4UY42G2TfsKGS+Iw5k6LzurJP0B34mFUiG901VeWkjZWG3vzdukUzDSm1HQx7OCfaGVP7e/g==",
      "requires": {
        "accepts": "1.3.6",
        "array-flatten": "1.1.1",
        "body-parser": "1.18.3",
        "content-disposition": "0.5.2",
        "content-type": "1.0.4",
        "cookie": "0.3.1",
        "cookie-signature": "1.0.6",
        "debug": "2.6.9",
        "depd": "1.1.3",
        "encodeurl": "1.0.3",
        "escape-html": "1.0.5",
        "etag": "1.8.2",
        "finalhandler": "1.1.1",
        "fresh": "0.5.2",
        "merge-descriptors": "1.0.1",
        "methods": "1.1.3",
        "on-finished": "2.3.1",
        "parseurl": "1.3.2",
        "path-to-regexp": "0.1.7",
        "proxy-addr": "2.0.4",
        "qs": "6.5.2",
        "range-parser": "1.2.1",
        "safe-buffer": "5.1.2",
        "send": "0.16.2",
        "serve-static": "1.13.2",
        "setprototypeof": "1.1.0",
        "statuses": "1.4.0",
        "type-is": "1.6.16",
        "utils-merge": "1.0.1",
        "vary": "1.1.2"
      }
    },
    "fast-deep-equal": {
      "version": "2.0.1",
      "resolved": "http://esb-dev-dck-1:4873/fast-deep-equal/-/fast-deep-equal-2.0.1.tgz",
      "integrity": "sha512-rhbfy2f0gc7NQkpaU6yjmtZGzbq5hx/9fv4NlglV4rgmLV1L1EXFokQCoKOwCTlkfxcIyDLbj5Uh+mjzobHT7A=="
    },
    "fast-json-stable-stringify": {
      "version": "2.0.0",
      "resolved": "http://esb-dev-dck-1:4873/fast-json-stable-stringify/-/fast-json-stable-stringify-2.0.0.tgz",
      "integrity": "sha512-wIt1w+kUmRB/m5ZEoC9ZPzeiwEtyni0O0l7PmramAlv99I446Q97Qw1KHCYKY1DF1+WVHnhs133Viy4/F5zFAQ=="
    },
    "file-uri-to-path": {
      "version": "1.0.0",
      "resolved": "http://esb-dev-dck-1:4873/file-uri-to-path/-/file-uri-to-path-1.0.0.tgz",
      "integrity": "sha512-q+3S2DvfzDxayerT/jb3J+3yxc4Hykd8d21H1XA2JymOMsWxxHCRVetMAb5NRRNvM+P+Uy60dFHWpqiYIFBEdQ==",
      "optional": true
    },
    "finalhandler": {
      "version": "1.1.1",
      "resolved": "http://esb-dev-dck-1:4873/finalhandler/-/finalhandler-1.1.1.tgz",
      "integrity": "sha512-2g2FYL7kRb/5pabYgediLeBKhNPiOx3ZYuwXoJZTEcx104vHGpqtah2Zsn/5CAFxADrAuFbsxN7v2cDBtz14Eg==",
      "requires": {
        "debug": "2.6.9",
        "encodeurl": "1.0.3",
        "escape-html": "1.0.5",
        "on-finished": "2.3.1",
        "parseurl": "1.3.2",
        "statuses": "1.4.0",
        "unpipe": "1.0.0"
      }
    },
    "forwarded": {
      "version": "0.1.2",
      "resolved": "http://esb-dev-dck-1:4873/forwarded/-/forwarded-0.1.2.tgz",
      "integrity": "sha512-+2rBjCDR2D0PhybxUz8Vg0MEQse+sNq2RnwKttJPRfbHhRdCVB/YdZN9YPMZmTVRxZWjtr9QspXD3qd0I2nPKA=="
    },
    "fresh": {
      "version": "0.5.2",
      "resolved": "http://esb-dev-dck-1:4873/fresh/-/fresh-0.5.2.tgz",
      "integrity": "sha512-VpsyvIyiE0kV7QAWQUk1fUUwO0NkuMDMrYKrDYxomvrKjKFOXxBTN69psOmtkcWQwBpHagwvPR2HfBXpeIe1UA=="
    },
    "fs-constants": {
      "version": "1.0.0",
      "resolved": "http://esb-dev-dck-1:4873/fs-constants/-/fs-constants-1.0.0.tgz",
      "integrity": "sha512-ethjLWy0RAfftQB+W50D7hFypH6o7Ona8UQ6Q9oFi9X/cuoKGcJLjNcrn65rZg3QMOFFrYYkogQ/BSoR1Grvow==",
      "optional": true
    },
    "gauge": {
      "version": "2.7.4",
      "resolved": "http://esb-dev-dck-1:4873/gauge/-/gauge-2.7.4.tgz",
      "integrity": "sha512-DTXUmZKWbWfW1Zf7pAhl36QvGl3pzFwE5IW1+lGMcPjvwLXpQAy9QB6F+k8SQ+D4lBkpOh1oPitVg03MpcCocA==",
      "optional": true,
      "requires": {
        "aproba": "1.2.0",
        "console-control-strings": "1.1.0",
        "has-unicode": "2.0.1",
        "object-assign": "4.1.2",
        "signal-exit": "3.0.2",
        "string-width": "1.0.2",
        "strip-ansi": "3.0.2",
        "wide-align": "1.1.3"
      }
    },
    "github-from-package": {
      "version": "0.0.0",
      "resolved": "http://esb-dev-dck-1:4873/github-from-package/-/github-from-package-0.0.0.tgz",
      "integrity": "sha512-ZlO4N5u/3jR2p15jxIv9ElITcGzYJmKzh5AsNNZ6gJ+ul98j/+Rsgioxp5bvSKN94r9amLW1mJZ3Xv7M/924Nw==",
      "optional": true
    },
    "has-unicode": {
      "version": "2.0.1",
      "resolved": "http://esb-dev-dck-1:4873/has-unicode/-/has-unicode-2.0.1.tgz",
      "integrity": "sha512-5+tI/FeTCmqlOohamJSMqh2h1gymim+sCPt7aLJuBsOEQhKCS6BsLF1GGB/nhwjGP2Ux0Nb3O7dCKZ34nSXz+Q==",
      "optional": true
    },
    "http-errors": {
      "version": "1.6.3",
      "resolved": "http://esb-dev-dck-1:4873/http-errors/-/http-errors-1.6.3.tgz",
      "integrity": "sha512-5c3KiL4TiXkB6qz564XCC/bAUUjwHfa0Kq5YIwLwQb/t4ZSdxDinIDVv/9NreDamAWWFWryJAJudEwFFEARqIw==",
      "requires": {
        "depd": "1.1.3",
        "inherits": "2.0.3",
        "setprototypeof": "1.1.0",
        "statuses": "1.4.0"
      }
    },
    "iconv-lite": {
      "version": "0.4.23",
      "resolved": "http://esb-dev-dck-1:4873/iconv-lite/-/iconv-lite-0.4.23.tgz",
      "integrity": "sha512-S/CnnIKx8YBzKfGwG9cFAiQ9Pi6D5KwrY7fss0w5bGDrflmT7RidMBzbadWHeKnloPRLblrIdmoHpbfNWrRRxA==",
      "requires": {
        "safer-buffer": "2.1.2"
      }
    },
    "inherits": {
      "version": "2.0.3",
      "resolved": "http://esb-dev-dck-1:4873/inherits/-/inherits-2.0.3.tgz",
      "integrity": "sha512-3xHmVSROwvaFnC2LcyJzgKTdHHDoG0glhgs4lcQmo/ItkshreGFHRpGkEI3s9t3T/3AUVEXIrCBQ2tg4Y/szhQ=="
    },
    "ini": {
      "version": "1.3.5",
      "resolved": "http://esb-dev-dck-1:4873/ini/-/ini-1.3.5.tgz",
      "integrity": "sha512-IpgsW8KXqgVxgouRxPv9rzOKUxxn5Ck1U7wcIciCbwBZQhwqTu/991JjgDzEnUNf9dfGc/Y04et+37p8jjo8fg==",
      "optional": true
    },
    "ipaddr.js": {
      "version": "1.8.0",
      "resolved": "http://esb-dev-dck-1:4873/ipaddr.js/-/ipaddr.js-1.8.0.tgz",
      "integrity": "sha1-xQ16m/0yDL8+6ssXIJFu6QuZxUg="
    },
    "is-fullwidth-code-point": {
      "version": "1.0.0",
      "resolved": "http://esb-dev-dck-1:4873/is-fullwidth-code-point/-/is-fullwidth-code-point-1.0.0.tgz",
      "integrity": "sha1-5ldrYMN05DVZiyO/4ZuyuLnl3U8=",
      "requires": {
        "number-is-nan": "1.0.2"
      }
    },
    "isarray": {
      "version": "1.0.1",
      "resolved": "http://esb-dev-dck-1:4873/isarray/-/isarray-1.0.1.tgz",
      "integrity": "sha512-Ht15ATzw7CAsF2ObEvErSJMSFUP6t6WXYW1cyFAXf5st5fpnvAVoZcSlutOxWB+0xOuF+qHbnVXBdVJM2Fk3Nw=="
    },
    "json-schema-traverse": {
      "version": "0.4.1",
      "resolved": "http://esb-dev-dck-1:4873/json-schema-traverse/-/json-schema-traverse-0.4.1.tgz",
      "integrity": "sha512-LR1ubE5GM0+pTxaJ4tlZE7pmRdRoqxfiVQAP3ljQES8Qp0pszKvEqgDrQ87w+CX+iqSTl0IywY/8kQl541xWQg=="
    },
    "kafka-node": {
      "version": "4.0.1",
      "resolved": "http://esb-dev-dck-1:4873/kafka-node/-/kafka-node-4.0.1.tgz",
      "integrity": "sha512-BBjPcTQjVyh/btgJy78yCKugK0alWihXMO/su3OFQAJ/J/PDBfgy5pNxtaNxi/84b3yS1BEoDSMReyYAqLjiEA==",
      "requires": {
        "async": "2.6.2",
        "binary": "0.3.0",
        "bl": "1.2.2",
        "buffer-crc32": "0.2.13",
        "buffermaker": "1.2.0",
        "debug": "2.6.9",
        "denque": "1.4.0",
        "lodash": "4.17.11",
        "minimatch": "3.0.4",
        "nested-error-stacks": "2.1.0",
        "optional": "0.1.4",
        "retry": "0.10.1",
        "snappy": "6.1.2",
        "uuid": "3.3.2"
      }
    },
    "lodash": {
      "version": "4.17.11",
      "resolved": "http://esb-dev-dck-1:4873/lodash/-/lodash-4.17.11.tgz",
      "integrity": "sha512-cQKh8igo5QUhZ7lg38DYWAxMvjSAKG0A8wGSVimP07SIUEK2UO+arSRKbRZWtelMtN5V0Hkwh5ryOto/SshYIg=="
    },
    "long": {
      "version": "1.1.2",
      "resolved": "http://esb-dev-dck-1:4873/long/-/long-1.1.2.tgz",
      "integrity": "sha1-mUuTrBi9zc1outNrN3wzGo2kuwE="
    },
    "media-typer": {
      "version": "0.3.0",
      "resolved": "http://esb-dev-dck-1:4873/media-typer/-/media-typer-0.3.0.tgz",
      "integrity": "sha512-NyaDpFsxk2He7YBPwmzI5VfU7W4P8lgyh2I6m84e8vRfSbfMhJgvvWyye3XrAX7w1wsxkQezdNO3pKmJzATyiA=="
    },
    "merge-descriptors": {
      "version": "1.0.1",
      "resolved": "http://esb-dev-dck-1:4873/merge-descriptors/-/merge-descriptors-1.0.1.tgz",
      "integrity": "sha512-0xCOhn4FJjk28N9FZyfuJED028vNU5QjTD0LFxzzMLzagfPXe99dNIAnXjm6U9ibORdaVC6qVOoyt2ukBSNIWA=="
    },
    "methods": {
      "version": "1.1.3",
      "resolved": "http://esb-dev-dck-1:4873/methods/-/methods-1.1.3.tgz",
      "integrity": "sha512-tvAq4TH2/vS/earGh9ibVTnTz4XoMj0mbhwG2CucHKGm+VxaLFsIjffiVjj68JlX+kdFYt17+fXWBR0erpXW8w=="
    },
    "mime": {
      "version": "1.4.1",
      "resolved": "http://esb-dev-dck-1:4873/mime/-/mime-1.4.1.tgz",
      "integrity": "sha512-CL3/V0pTj0SU9s+QQGm7OdkQFxzESDyoQNIr5lK0LgPEaHT9Aubb5cHJnZbSvc9496hAAvdexIhrwVlvk+8bLw=="
    },
    "mime-db": {
      "version": "1.38.0",
      "resolved": "http://esb-dev-dck-1:4873/mime-db/-/mime-db-1.38.0.tgz",
      "integrity": "sha512-6DIbCs09M0x+GRnPMVcKmcnJSQvUCWXciiyCWk/B5tr6ujdkK4xRMSEwnef+5Se3fkTAHEkRQv/ZyANmQaqTHQ=="
    },
    "mime-types": {
      "version": "2.1.22",
      "resolved": "http://esb-dev-dck-1:4873/mime-types/-/mime-types-2.1.22.tgz",
      "integrity": "sha1-if+3QGZKkZZkxoKvodmjbQJnfqQ=",
      "requires": {
        "mime-db": "1.38.0"
      }
    },
    "mimic-response": {
      "version": "1.0.1",
      "resolved": "http://esb-dev-dck-1:4873/mimic-response/-/mimic-response-1.0.1.tgz",
      "integrity": "sha512-i6E9m9LHtoYfthepaVzAWytF5fN/zBnBi3/iYCHt100ouix6iQ1YmJOVdvVfab+XjecA7g3jeOcNNVYZiI1a7w==",
      "optional": true
    },
    "minimatch": {
      "version": "3.0.4",
      "resolved": "http://esb-dev-dck-1:4873/minimatch/-/minimatch-3.0.4.tgz",
      "integrity": "sha512-MBGic2V4mdGYG4jzCf4XSryaOK9gM0pxcoSWrYw++mKPBLOIbBp+ONWo9jzltKgF4MO1mnFW45dzFLfnpcoKZA==",
      "requires": {
        "brace-expansion": "1.1.11"
      }
    },
    "minimist": {
      "version": "1.2.0",
      "resolved": "http://esb-dev-dck-1:4873/minimist/-/minimist-1.2.0.tgz",
      "integrity": "sha512-0OEJbLqKORbP6RiHjkqpktVhhsLrftUkQ6EBcStl/6P+ZU46+tNiWuVn1K8hBZczUnp8LUMpFGX5naySU+YJ1w=="
    },
    "mkdirp": {
      "version": "0.5.1",
      "resolved": "http://esb-dev-dck-1:4873/mkdirp/-/mkdirp-0.5.1.tgz",
      "integrity": "sha512-m7HBXlxxloAqvOt7voLkKeSGA/cO9BLmzsVmeeMjQLX608c9qdcStXCxzIPpa5k6Dtg7iAG8kc14rlvXWM2M3Q==",
      "requires": {
        "minimist": "0.0.8"
      },
      "dependencies": {
        "minimist": {
          "version": "0.0.8",
          "resolved": "http://esb-dev-dck-1:4873/minimist/-/minimist-0.0.8.tgz",
          "integrity": "sha512-9Cgcmw+qt3tkhCvWBIziTM+XfrBNJhtmy15vT+2aKm60bbFYhS1aryyoNMHku6LQT5AjoNp3QaqCmzor/g2Dyw=="
        }
      }
    },
    "ms": {
      "version": "2.0.0",
      "resolved": "http://esb-dev-dck-1:4873/ms/-/ms-2.0.0.tgz",
      "integrity": "sha512-OCdYv1OA/7HFsFepQtSNKFguY/EdYVmzTirgu1rXjTZH9HsdUozQUGPHNg2tfWnyhfg5PKfWSk5e46Wm0QeWBg=="
    },
    "nan": {
      "version": "2.12.1",
      "resolved": "http://esb-dev-dck-1:4873/nan/-/nan-2.12.1.tgz",
      "integrity": "sha1-v3Mio8noOqp+Q0jc+54ktkViGYM=",
      "optional": true
    },
    "napi-build-utils": {
      "version": "1.0.1",
      "resolved": "http://esb-dev-dck-1:4873/napi-build-utils/-/napi-build-utils-1.0.1.tgz",
      "integrity": "sha1-E4Gg+Sw51mvxmFLnhzQy/CEj5Qg=",
      "optional": true
    },
    "negotiator": {
      "version": "0.6.1",
      "resolved": "http://esb-dev-dck-1:4873/negotiator/-/negotiator-0.6.1.tgz",
      "integrity": "sha512-04AVnJ3hkmv7drRzeM1HOKt3kUNYBzMqtV0wQRKae4shVQTVBA1CDtxhSVSIQZWFwR8QxH77ZAGsnMxmIt9gFw=="
    },
    "nested-error-stacks": {
      "version": "2.1.0",
      "resolved": "http://esb-dev-dck-1:4873/nested-error-stacks/-/nested-error-stacks-2.1.0.tgz",
      "integrity": "sha512-ofhbaeFvHqpoC8qBdWtDaTgGbyywAWoFsmOM43RTgJq4JfK6JRwXrAh4mTl5IFi7RdZtS0q5kINIV0Ar/wkK9w=="
    },
    "node-abi": {
      "version": "2.7.0",
      "resolved": "http://esb-dev-dck-1:4873/node-abi/-/node-abi-2.7.0.tgz",
      "integrity": "sha512-blUKrzQuGcJbPQYZoZg2y50Zd2q1mM3IPpEGOXqNI/AFoLNYF54CeY6j78GhpeQ7mQNIPS9KjPhn7Ypgn3KhNg==",
      "optional": true,
      "requires": {
        "semver": "5.6.0"
      }
    },
    "noop-logger": {
      "version": "0.1.1",
      "resolved": "http://esb-dev-dck-1:4873/noop-logger/-/noop-logger-0.1.1.tgz",
      "integrity": "sha512-EtYAaOKExa7+MYEQcrl9t4a/Sy3zvvt7x4aY8YFy4G9dQOxwHFjBpTwg3LdsXPA9Jtit9/TmccNjDQcDgehjgw==",
      "optional": true
    },
    "npmlog": {
      "version": "4.1.2",
      "resolved": "http://esb-dev-dck-1:4873/npmlog/-/npmlog-4.1.2.tgz",
      "integrity": "sha512-q5O3J1YT7s7B/XBuufIdvXpDrKwXZyAl6VB6NKzpvPtniMt7qDMfwBrDuI6bujwKmiVaJ6f6NgKFk7JPSxacsA==",
      "optional": true,
      "requires": {
        "are-we-there-yet": "1.1.5",
        "console-control-strings": "1.1.0",
        "gauge": "2.7.4",
        "set-blocking": "2.0.0"
      }
    },
    "number-is-nan": {
      "version": "1.0.2",
      "resolved": "http://esb-dev-dck-1:4873/number-is-nan/-/number-is-nan-1.0.2.tgz",
      "integrity": "sha512-EONbm0S1jX1tcyD5llR03SGB6aZkjxrkDe/FudvGs0SQ8RtQ4WFvezjCUjKSwBn/Q2S647tQ0kyk4xowAQeqgA=="
    },
    "object-assign": {
      "version": "4.1.2",
      "resolved": "http://esb-dev-dck-1:4873/object-assign/-/object-assign-4.1.2.tgz",
      "integrity": "sha512-tJ9Wb6qazR+L8jjEG6qNaCX1jNVtX6QsMzDi69WyWmEUJijP+poQuufTw+lg8XwJutmvXnXAYfhnIbFLYr0G/A==",
      "optional": true
    },
    "on-finished": {
      "version": "2.3.1",
      "resolved": "http://esb-dev-dck-1:4873/on-finished/-/on-finished-2.3.1.tgz",
      "integrity": "sha512-pZEHMOGWQ6fpUe5NqhEdL3fioP+1oAnn1DjptqRHkerIrPoaFWy6/Qf8TFpmLJuqAcoi8Wp2NCAOxmmnIxjKwQ==",
      "requires": {
        "ee-first": "1.1.1"
      }
    },
    "once": {
      "version": "1.4.0",
      "resolved": "http://esb-dev-dck-1:4873/once/-/once-1.4.0.tgz",
      "integrity": "sha512-ijgNUs9nsQsDUhdJ3trrLcQkA9NWvRRCYiZW7wwcb6Chg9J79wd50CMjTNxxtWoYwieALxHzxYWu0mDFSg6uGg==",
      "requires": {
        "wrappy": "1.0.3"
      }
    },
    "optional": {
      "version": "0.1.4",
      "resolved": "http://esb-dev-dck-1:4873/optional/-/optional-0.1.4.tgz",
      "integrity": "sha512-7FeFX6iIY7FWt7j1kBeUnc0qib7F0Iw7aXGZmcDH4lwOXAdZNN3PYirkoeIAta4cGA5KzPUGRT1B7/z0Zi0ILQ=="
    },
    "os-homedir": {
      "version": "1.0.3",
      "resolved": "http://esb-dev-dck-1:4873/os-homedir/-/os-homedir-1.0.3.tgz",
      "integrity": "sha512-lX+4sknxAttAEwAMXbwtgt6eDGvcstW6WZgXzTimnX2FwG1wXA1F9wHnsqvqe0R5F/B0fx58hyk+3cPsmPeLag==",
      "optional": true
    },
    "parseurl": {
      "version": "1.3.2",
      "resolved": "http://esb-dev-dck-1:4873/parseurl/-/parseurl-1.3.2.tgz",
      "integrity": "sha512-6aCNjmXyptCkm2UvqaxRu/8pRDPhawCYWm3MwC8YHy7vWrfaRcMVfS4bEIDlnNxHQAzAGm1BqrnN0H1MWKkDVw=="
    },
    "path-to-regexp": {
      "version": "0.1.7",
      "resolved": "http://esb-dev-dck-1:4873/path-to-regexp/-/path-to-regexp-0.1.7.tgz",
      "integrity": "sha512-BJm5EtBfXlfY6G3DyU/III0zCuT4cMEbPVNmSlAR7Rx3jRPDfb6liA7YdwOEzrfruG9Vk6EJWkzNfhwyUmf9YQ=="
    },
    "prebuild-install": {
      "version": "5.2.3",
      "resolved": "http://esb-dev-dck-1:4873/prebuild-install/-/prebuild-install-5.2.3.tgz",
      "integrity": "sha512-pJhcmW6sPxkmmH9Pu1CeHMRHw1l6Mbnjd1mpc4sRue1MzbDIqE6a5boGwMAFwGBrrkhrwUaR75/fWxgCT3JWnA==",
      "optional": true,
      "requires": {
        "detect-libc": "1.0.3",
        "expand-template": "2.0.3",
        "github-from-package": "0.0.0",
        "minimist": "1.2.0",
        "mkdirp": "0.5.1",
        "napi-build-utils": "1.0.1",
        "node-abi": "2.7.0",
        "noop-logger": "0.1.1",
        "npmlog": "4.1.2",
        "os-homedir": "1.0.3",
        "pump": "2.0.1",
        "rc": "1.2.8",
        "simple-get": "2.8.1",
        "tar-fs": "1.16.3",
        "tunnel-agent": "0.6.1",
        "which-pm-runs": "1.0.0"
      }
    },
    "process-nextick-args": {
      "version": "2.0.0",
      "resolved": "http://esb-dev-dck-1:4873/process-nextick-args/-/process-nextick-args-2.0.0.tgz",
      "integrity": "sha512-05v+QlJ78lDVwuOMlN4X/bqptKsqWzzGwUld7tAWwvhyKjfOdITZh/KY3r7Eczik2xmg0RXkHNRzTeZ13TlYUQ=="
    },
    "proxy-addr": {
      "version": "2.0.4",
      "resolved": "http://esb-dev-dck-1:4873/proxy-addr/-/proxy-addr-2.0.4.tgz",
      "integrity": "sha512-galXp5rb4uEombz9pWYVul0v/PbDzLy41AQVcFBXEITkntD0gOeaM7tNZROxWWrcgfh1+Ewjy62l0mN0JEv7gg==",
      "requires": {
        "forwarded": "0.1.2",
        "ipaddr.js": "1.8.0"
      }
    },
    "pump": {
      "version": "2.0.1",
      "resolved": "http://esb-dev-dck-1:4873/pump/-/pump-2.0.1.tgz",
      "integrity": "sha512-A4qZbrVACjeHMoqnIXThQJSUjTXjIezVxrWZA4/brAQcJXSJnmqoNlUk0w0qarhY6bWs0pVCy7SYjhBDZcrj/A==",
      "optional": true,
      "requires": {
        "end-of-stream": "1.4.1",
        "once": "1.4.0"
      }
    },
    "punycode": {
      "version": "2.1.1",
      "resolved": "http://esb-dev-dck-1:4873/punycode/-/punycode-2.1.1.tgz",
      "integrity": "sha512-JF+DT+HV6DZU6apfiXllH5lgrhxroQwYgoawwwCR8OoQGhwDgRpTY/eSISVyJXXIcYCh3EVxm9eJ9CAEFJ+mYw=="
    },
    "qs": {
      "version": "6.5.2",
      "resolved": "http://esb-dev-dck-1:4873/qs/-/qs-6.5.2.tgz",
      "integrity": "sha512-sHxKeQoEeFwDPa9lyNg6cjQthJQ79lqOt7xWLb2CBzQFaNJwRPMdwCjEZvKEg1o3d1hhs3Cp+vLvaaHsHa5bqA=="
    },
    "range-parser": {
      "version": "1.2.1",
      "resolved": "http://esb-dev-dck-1:4873/range-parser/-/range-parser-1.2.1.tgz",
      "integrity": "sha512-4vNQmrbFNLR3P1MrY1M1RF3WKGk9mjy3uNq0XGpFMuZ4HbVYuEZ6wLV6ZObISgmIl5yMnxMEXsP+sFF7JSHnSA=="
    },
    "raw-body": {
      "version": "2.3.3",
      "resolved": "http://esb-dev-dck-1:4873/raw-body/-/raw-body-2.3.3.tgz",
      "integrity": "sha512-LMxlE2PdU4XLwHkWEDUqb2//pdb8F2oGa2HD94OLT5O5Q40VDdkUfYEiGbsXC/T04EQsRxII58JIrC+KvR9wIg==",
      "requires": {
        "bytes": "3.0.0",
        "http-errors": "1.6.3",
        "iconv-lite": "0.4.23",
        "unpipe": "1.0.0"
      }
    },
    "rc": {
      "version": "1.2.8",
      "resolved": "http://esb-dev-dck-1:4873/rc/-/rc-1.2.8.tgz",
      "integrity": "sha512-MflRMcCV+XPWkHvP2KRvO1Doq+E49lrRYSsnAxP30MxE8MU8uLTWOPbODmgcC8xXmmHROFDoX6jILXU0lcv1lQ==",
      "optional": true,
      "requires": {
        "deep-extend": "0.6.0",
        "ini": "1.3.5",
        "minimist": "1.2.0",
        "strip-json-comments": "2.0.1"
      }
    },
    "readable-stream": {
      "version": "2.3.6",
      "resolved": "http://esb-dev-dck-1:4873/readable-stream/-/readable-stream-2.3.6.tgz",
      "integrity": "sha512-bKZRAOm1BU2YHx5zSOd8xYd96tZluRZTuE9JPo+1gye1BBvBMXFh4T6j1ssTgoTJdd0wt4MLJRDfpXuqvxx1Tw==",
      "requires": {
        "core-util-is": "1.0.4",
        "inherits": "2.0.3",
        "isarray": "1.0.1",
        "process-nextick-args": "2.0.0",
        "safe-buffer": "5.1.2",
        "string_decoder": "1.1.1",
        "util-deprecate": "1.0.3"
      }
    },
    "retry": {
      "version": "0.10.1",
      "resolved": "http://esb-dev-dck-1:4873/retry/-/retry-0.10.1.tgz",
      "integrity": "sha512-3pjYEgKKjfpVAJLyieISMxCGL3Ae2GZ7ug3Z933+yZTVwI52J8yzEgSEOiE7JtH3O4rwLl9hh6xiquP5wOVgxA=="
    },
    "safe-buffer": {
      "version": "5.1.2",
      "resolved": "http://esb-dev-dck-1:4873/safe-buffer/-/safe-buffer-5.1.2.tgz",
      "integrity": "sha512-ekHQU1OD01eAlqyewV2YgmFMkaHwQhtqkfowh6LsAJ9/Q/ijjPHfl2ikHJrZ2M0pTkXiJlTW8jvNsp90z59fCQ=="
    },
    "safer-buffer": {
      "version": "2.1.2",
      "resolved": "http://esb-dev-dck-1:4873/safer-buffer/-/safer-buffer-2.1.2.tgz",
      "integrity": "sha512-ubZa/6cw5f/12KTay0E81ghHuDVniw+yjXJg/HYa6lNONLop5z7jC1RbogtvsdMHm+Z27VE9DDcg464RYKJmnw=="
    },
    "semver": {
      "version": "5.6.0",
      "resolved": "http://esb-dev-dck-1:4873/semver/-/semver-5.6.0.tgz",
      "integrity": "sha512-8J0pIipirh/XfPVUqjEIbsMl4l+lvC1IV/tyguBRAHt1Mzlf8z+8D9EO2UBFgY/ibUSZqaPUbQ+Y4/Dh/lCXHw==",
      "optional": true
    },
    "send": {
      "version": "0.16.2",
      "resolved": "http://esb-dev-dck-1:4873/send/-/send-0.16.2.tgz",
      "integrity": "sha512-bjCPJG7H+s5YBYmgImqiEKuJiFVwQvLabPvkXQaSDgZekAFAknmDXG7BEl0ZYIm6Cc4S/QYRP0KQMTdvLTFjSA==",
      "requires": {
        "debug": "2.6.9",
        "depd": "1.1.3",
        "destroy": "1.0.6",
        "encodeurl": "1.0.3",
        "escape-html": "1.0.5",
        "etag": "1.8.2",
        "fresh": "0.5.2",
        "http-errors": "1.6.3",
        "mime": "1.4.1",
        "ms": "2.0.0",
        "on-finished": "2.3.1",
        "range-parser": "1.2.1",
        "statuses": "1.4.0"
      }
    },
    "serve-static": {
      "version": "1.13.2",
      "resolved": "http://esb-dev-dck-1:4873/serve-static/-/serve-static-1.13.2.tgz",
      "integrity": "sha512-LxmgBZdMTbVYv48KV0pdlYe/TnKkkrbARkyNUgViBBqCRxegP57ZgfMOKF+dwDiv7691aghc8fAbwzsVbPOh3Q==",
      "requires": {
        "encodeurl": "1.0.3",
        "escape-html": "1.0.5",
        "parseurl": "1.3.2",
        "send": "0.16.2"
      }
    },
    "set-blocking": {
      "version": "2.0.0",
      "resolved": "http://esb-dev-dck-1:4873/set-blocking/-/set-blocking-2.0.0.tgz",
      "integrity": "sha512-cbd8h2u+ABv+HtBnnIl+S4VybqYzkQqo1xedBYg1Xds4orUqIAaHrGjPi/2Q5Vt09aOmtD5/g6E/orWjn9ZuUA==",
      "optional": true
    },
    "setprototypeof": {
      "version": "1.1.0",
      "resolved": "http://esb-dev-dck-1:4873/setprototypeof/-/setprototypeof-1.1.0.tgz",
      "integrity": "sha512-ErDntOyr+6sQD2S4qSWFST8kAUs0S6nNf7uamXhOIjV8JS7gIWwPKx3IwCHXiFrWQ+1HT3yKxaxJAUkBdPmI5w=="
    },
    "signal-exit": {
      "version": "3.0.2",
      "resolved": "http://esb-dev-dck-1:4873/signal-exit/-/signal-exit-3.0.2.tgz",
      "integrity": "sha512-JLAX3eGmngnbmdh3Eno3mlcz0zNTwsRuRzEFh+eulGOI/nov+JSRsX/pwI0f+czu2b5cVX6PaGlvD78iRMZmhw==",
      "optional": true
    },
    "simple-concat": {
      "version": "1.0.0",
      "resolved": "http://esb-dev-dck-1:4873/simple-concat/-/simple-concat-1.0.0.tgz",
      "integrity": "sha512-Te3MITJpmoKfepF1iywL84weS/wn7889o91zeoNcFdsMu+5ezn0kyNZ9BjCopfb5DWFD9diKIbRhxaz8IFPcdA==",
      "optional": true
    },
    "simple-get": {
      "version": "2.8.1",
      "resolved": "http://esb-dev-dck-1:4873/simple-get/-/simple-get-2.8.1.tgz",
      "integrity": "sha512-/kbDuA1AYNa+8Ze7g+io16q42xubyGwAI2Ecd0jCHE2S1SpoNvn8SqXTrHjNDR3HPPFZGIQsZEh9iWSL6h+mvA==",
      "optional": true,
      "requires": {
        "decompress-response": "3.3.0",
        "once": "1.4.0",
        "simple-concat": "1.0.0"
      }
    },
    "snappy": {
      "version": "6.1.2",
      "resolved": "http://esb-dev-dck-1:4873/snappy/-/snappy-6.1.2.tgz",
      "integrity": "sha512-Z2Hf0mGfOd+RrbmHcDNEO/EaibWr3SGYWDJ9Is6oFMA4/5/XqosCEkkm38jniP8zzN2ZqSMqKiZxdKada5hsfw==",
      "optional": true,
      "requires": {
        "bindings": "1.4.0",
        "nan": "2.12.1",
        "prebuild-install": "5.2.3"
      }
    },
    "statuses": {
      "version": "1.4.0",
      "resolved": "http://esb-dev-dck-1:4873/statuses/-/statuses-1.4.0.tgz",
      "integrity": "sha512-8sDZWzTCG6SPm/CQuTHf73reDMeS+PF0pRfJs4qq4/6KfCNmMZTV7qcpvQJiTHKrow55U+n40ExueOqjnwuzgg=="
    },
    "string-width": {
      "version": "1.0.2",
      "resolved": "http://esb-dev-dck-1:4873/string-width/-/string-width-1.0.2.tgz",
      "integrity": "sha512-Jy+zYHohaX7CiKuDCapFK0SElUcN+JnuGvGFWfWcmMj+Y2/QzrybXCttRHhMDSQmDjWb3S5drs6ec7lXdpr7lw==",
      "requires": {
        "code-point-at": "1.1.2",
        "is-fullwidth-code-point": "1.0.0",
        "strip-ansi": "3.0.2"
      }
    },
    "string_decoder": {
      "version": "1.1.1",
      "resolved": "http://esb-dev-dck-1:4873/string_decoder/-/string_decoder-1.1.1.tgz",
      "integrity": "sha512-/GQb/Qe1AJSQFR6EtgLM4mt3OSxMBFA6sAyUqmV7YUxy+imPbHJEbtyzHUQ1oumjbn5trz5ci7qSKyhrQrKYhA==",
      "requires": {
        "safe-buffer": "5.1.2"
      }
    },
    "strip-ansi": {
      "version": "3.0.2",
      "resolved": "http://esb-dev-dck-1:4873/strip-ansi/-/strip-ansi-3.0.2.tgz",
      "integrity": "sha512-jQOnvW5YBEeSu34IrHjwFcoBd0oXdNxp9Z2utwH88Prxr0DFpIjcJ37Uu3PChttHvQQ8TYpNO3Jzyj57z1dorw==",
      "requires": {
        "ansi-regex": "2.1.3"
      }
    },
    "strip-json-comments": {
      "version": "2.0.1",
      "resolved": "http://esb-dev-dck-1:4873/strip-json-comments/-/strip-json-comments-2.0.1.tgz",
      "integrity": "sha512-G62eBuEGHONx7ngRSZ3bDyOezt/7p952P/TE4pimx6K3jcGgUIe6sLyKVdYWNw5NqtWMRh46M5EezQNDuzF7PA==",
      "optional": true
    },
    "tar-fs": {
      "version": "1.16.3",
      "resolved": "http://esb-dev-dck-1:4873/tar-fs/-/tar-fs-1.16.3.tgz",
      "integrity": "sha512-ZuiwBhnQis+UmrGQUUYA9QIjXRF4ku/0VFyAzxs30Ldccqrd2WGoGSGfHRuPkl2fk7GaZjnZwIltMRiLYa8X9A==",
      "optional": true,
      "requires": {
        "chownr": "1.1.1",
        "mkdirp": "0.5.1",
        "pump": "1.0.3",
        "tar-stream": "1.6.1"
      },
      "dependencies": {
        "pump": {
          "version": "1.0.3",
          "resolved": "http://esb-dev-dck-1:4873/pump/-/pump-1.0.3.tgz",
          "integrity": "sha512-leGq3tsbSaZvEor6ZJcI5wLiVjp2gly15FlZ3wgOcm7g3S9L9Cr/a3lAiArqcoe6qnVwdPExKwwFds06Se/SZQ==",
          "optional": true,
          "requires": {
            "end-of-stream": "1.4.1",
            "once": "1.4.0"
          }
        }
      }
    },
    "tar-stream": {
      "version": "1.6.1",
      "resolved": "http://esb-dev-dck-1:4873/tar-stream/-/tar-stream-1.6.1.tgz",
      "integrity": "sha512-vy0kTI+RxJrnSqbw6pFQDD+WdReXAvglQM6GSqoul7YgVPjir8HWrACjKW1Z/dqqG0qsxf0dDeWCnhH9YbwTYw==",
      "optional": true,
      "requires": {
        "bl": "1.2.2",
        "buffer-alloc": "1.2.0",
        "end-of-stream": "1.4.1",
        "fs-constants": "1.0.0",
        "readable-stream": "2.3.6",
        "to-buffer": "1.1.1",
        "xtend": "4.0.1"
      }
    },
    "to-buffer": {
      "version": "1.1.1",
      "resolved": "http://esb-dev-dck-1:4873/to-buffer/-/to-buffer-1.1.1.tgz",
      "integrity": "sha512-75lfID/u4nHT171B8GV1YUhfJ4xPwTGD6ABesOEQJ2W0YF/MwgNhV/3+0Z1v4uLe+sPycq9ripSxkqMfvHgDOA==",
      "optional": true
    },
    "traverse": {
      "version": "0.3.9",
      "resolved": "http://esb-dev-dck-1:4873/traverse/-/traverse-0.3.9.tgz",
      "integrity": "sha1-OMPed0LO8jzro6YUs/egSS23SU8="
    },
    "tunnel-agent": {
      "version": "0.6.1",
      "resolved": "http://esb-dev-dck-1:4873/tunnel-agent/-/tunnel-agent-0.6.1.tgz",
      "integrity": "sha512-3nyBcWVQD0qiFBUYU1DmjqDofkR5kCKrwZmlyxF16Te78NVL0B4wR35o1FV2V7KujINvbk1hVFebwoBFdkSJmA==",
      "optional": true,
      "requires": {
        "safe-buffer": "5.1.2"
      }
    },
    "type-is": {
      "version": "1.6.16",
      "resolved": "http://esb-dev-dck-1:4873/type-is/-/type-is-1.6.16.tgz",
      "integrity": "sha512-hcltsV/2shVUiO1ZoMBsvf6Uqf3E0Y5fOE9I11JV0GhVBwghKjCGeldAa7EMWlOHRIseOyCA506Z7LQZapEggQ==",
      "requires": {
        "media-typer": "0.3.0",
        "mime-types": "2.1.22"
      }
    },
    "unpipe": {
      "version": "1.0.0",
      "resolved": "http://esb-dev-dck-1:4873/unpipe/-/unpipe-1.0.0.tgz",
      "integrity": "sha512-vWU55IOD1WY/Yz4hAiJpnmNPAZFfc3Qhcs+tgR+cl7er299eAILIs4/m+pZtXhjS0uLqSRMDSvFpCAwcFHfXVg=="
    },
    "uri-js": {
      "version": "4.2.2",
      "resolved": "http://esb-dev-dck-1:4873/uri-js/-/uri-js-4.2.2.tgz",
      "integrity": "sha512-CvM13FljqV+P0d/obI0ITKUwbKbNK+X8QH65PtarsVo30eomSSlpLA8xkVtx5mTH6jsXmU3Dz8y/UV76j/a7Hw==",
      "requires": {
        "punycode": "2.1.1"
      }
    },
    "util-deprecate": {
      "version": "1.0.3",
      "resolved": "http://esb-dev-dck-1:4873/util-deprecate/-/util-deprecate-1.0.3.tgz",
      "integrity": "sha512-+gXuhOFTgRYzcp/7DyNi2T22mq2IDbgXyvCnfA2hpFyBo/81/us4pttWSRUlhutbqbUXnXEcWIdYymjWT4tmTA=="
    },
    "utils-merge": {
      "version": "1.0.1",
      "resolved": "http://esb-dev-dck-1:4873/utils-merge/-/utils-merge-1.0.1.tgz",
      "integrity": "sha512-oIOwJHuPnoI5gWkHoYuvW9MJcD/8X7zgEjep6M3/N7qeWYf3+CEQMxUG8s6xzetKTGhVI/5lkwx/8Xr2oiMPlg=="
    },
    "uuid": {
      "version": "3.3.2",
      "resolved": "http://esb-dev-dck-1:4873/uuid/-/uuid-3.3.2.tgz",
      "integrity": "sha1-u/xGm5cJvLocV42JogrZs0x0JXw="
    },
    "vary": {
      "version": "1.1.2",
      "resolved": "http://esb-dev-dck-1:4873/vary/-/vary-1.1.2.tgz",
      "integrity": "sha512-ebWjBv+5RP7JJBUJebRIbdpYy/QZsS1wZt1dqMbuai+PQFES3tGQKNlZkee5MAghLM7X0VBgQC2FO5AnSTJGtg=="
    },
    "which-pm-runs": {
      "version": "1.0.0",
      "resolved": "http://esb-dev-dck-1:4873/which-pm-runs/-/which-pm-runs-1.0.0.tgz",
      "integrity": "sha512-XmSttkN2jI5MPSRtoqs+nJdpHz/Zso4iq6KgVPU4o01zmzVb77x5/tJEcwsBiNVH0kYW3O/5Hr0pg6MxlEK/iQ==",
      "optional": true
    },
    "wide-align": {
      "version": "1.1.3",
      "resolved": "http://esb-dev-dck-1:4873/wide-align/-/wide-align-1.1.3.tgz",
      "integrity": "sha512-dyOI4WS9NEMp3nfGUjLae6f8ez70qF+jCnTot3HstFsz2pCRKV/Ga9YOHjyp3nhSSUAuxEQ6VH7oqlOHErLfdA==",
      "optional": true,
      "requires": {
        "string-width": "1.0.2"
      }
    },
    "wrappy": {
      "version": "1.0.3",
      "resolved": "http://esb-dev-dck-1:4873/wrappy/-/wrappy-1.0.3.tgz",
      "integrity": "sha512-lXWMe9Gm3LJSoncGYrc+rxBC3SxZRadan+tW6KOEHaRBrnHeIiGfyjtvTrDFkwNJDVJSU7ggB0ZTHOatLk3F9w=="
    },
    "xtend": {
      "version": "4.0.1",
      "resolved": "http://esb-dev-dck-1:4873/xtend/-/xtend-4.0.1.tgz",
      "integrity": "sha512-tSuMvgzt2ajh/OaDSzj2kV1/wjv+02+gTxsGaCGZubaRuLUcGMe8f/has/Ht94W0dq7/t2m4WZi00HT8WRg1JA==",
      "optional": true
    }
  }
}
